// !$*UTF8*$!
{
	archiveVersion = 1;
	classes = {
	};
	objectVersion = 50;
	objects = {

/* Begin PBXBuildFile section */
		301536CF20DD5862003A5E0A /* GroupTableViewController.swift in Sources */ = {isa = PBXBuildFile; fileRef = 301536CE20DD5862003A5E0A /* GroupTableViewController.swift */; };
		301536D420DD59BD003A5E0A /* Person+Convenience.swift in Sources */ = {isa = PBXBuildFile; fileRef = 301536D320DD59BD003A5E0A /* Person+Convenience.swift */; };
		301536D720DD5A24003A5E0A /* CoreData.swift in Sources */ = {isa = PBXBuildFile; fileRef = 301536D620DD5A24003A5E0A /* CoreData.swift */; };
		301536D920DD5BAC003A5E0A /* PersonController.swift in Sources */ = {isa = PBXBuildFile; fileRef = 301536D820DD5BAC003A5E0A /* PersonController.swift */; };
		301536DC20DD72BF003A5E0A /* RandomGroup.xcdatamodeld in Sources */ = {isa = PBXBuildFile; fileRef = 301536DA20DD72BF003A5E0A /* RandomGroup.xcdatamodeld */; };
		30247F2D20DD49BF00A3873E /* AppDelegate.swift in Sources */ = {isa = PBXBuildFile; fileRef = 30247F2C20DD49BF00A3873E /* AppDelegate.swift */; };
		30247F3220DD49BF00A3873E /* Main.storyboard in Resources */ = {isa = PBXBuildFile; fileRef = 30247F3020DD49BF00A3873E /* Main.storyboard */; };
		30247F3420DD49C100A3873E /* Assets.xcassets in Resources */ = {isa = PBXBuildFile; fileRef = 30247F3320DD49C100A3873E /* Assets.xcassets */; };
		30247F3720DD49C100A3873E /* LaunchScreen.storyboard in Resources */ = {isa = PBXBuildFile; fileRef = 30247F3520DD49C100A3873E /* LaunchScreen.storyboard */; };
		30247F4420DD56B100A3873E /* Default-568h@2x.png in Resources */ = {isa = PBXBuildFile; fileRef = 30247F4320DD56B000A3873E /* Default-568h@2x.png */; };
/* End PBXBuildFile section */

/* Begin PBXFileReference section */
		301536CE20DD5862003A5E0A /* GroupTableViewController.swift */ = {isa = PBXFileReference; lastKnownFileType = sourcecode.swift; path = GroupTableViewController.swift; sourceTree = "<group>"; };
		301536D320DD59BD003A5E0A /* Person+Convenience.swift */ = {isa = PBXFileReference; lastKnownFileType = sourcecode.swift; path = "Person+Convenience.swift"; sourceTree = "<group>"; };
		301536D620DD5A24003A5E0A /* CoreData.swift */ = {isa = PBXFileReference; lastKnownFileType = sourcecode.swift; path = CoreData.swift; sourceTree = "<group>"; };
		301536D820DD5BAC003A5E0A /* PersonController.swift */ = {isa = PBXFileReference; lastKnownFileType = sourcecode.swift; path = PersonController.swift; sourceTree = "<group>"; };
		301536DB20DD72BF003A5E0A /* Person.xcdatamodel */ = {isa = PBXFileReference; lastKnownFileType = wrapper.xcdatamodel; path = Person.xcdatamodel; sourceTree = "<group>"; };
		30247F2920DD49BF00A3873E /* RandomGroup.app */ = {isa = PBXFileReference; explicitFileType = wrapper.application; includeInIndex = 0; path = RandomGroup.app; sourceTree = BUILT_PRODUCTS_DIR; };
		30247F2C20DD49BF00A3873E /* AppDelegate.swift */ = {isa = PBXFileReference; lastKnownFileType = sourcecode.swift; path = AppDelegate.swift; sourceTree = "<group>"; };
		30247F3120DD49BF00A3873E /* Base */ = {isa = PBXFileReference; lastKnownFileType = file.storyboard; name = Base; path = Base.lproj/Main.storyboard; sourceTree = "<group>"; };
		30247F3320DD49C100A3873E /* Assets.xcassets */ = {isa = PBXFileReference; lastKnownFileType = folder.assetcatalog; path = Assets.xcassets; sourceTree = "<group>"; };
		30247F3620DD49C100A3873E /* Base */ = {isa = PBXFileReference; lastKnownFileType = file.storyboard; name = Base; path = Base.lproj/LaunchScreen.storyboard; sourceTree = "<group>"; };
		30247F3820DD49C100A3873E /* Info.plist */ = {isa = PBXFileReference; lastKnownFileType = text.plist.xml; path = Info.plist; sourceTree = "<group>"; };
		30247F4320DD56B000A3873E /* Default-568h@2x.png */ = {isa = PBXFileReference; lastKnownFileType = image.png; path = "Default-568h@2x.png"; sourceTree = "<group>"; };
/* End PBXFileReference section */

/* Begin PBXFrameworksBuildPhase section */
		30247F2620DD49BF00A3873E /* Frameworks */ = {
			isa = PBXFrameworksBuildPhase;
			buildActionMask = 2147483647;
			files = (
			);
			runOnlyForDeploymentPostprocessing = 0;
		};
/* End PBXFrameworksBuildPhase section */

/* Begin PBXGroup section */
		301536D520DD5A15003A5E0A /* CoreData */ = {
			isa = PBXGroup;
			children = (
				301536D620DD5A24003A5E0A /* CoreData.swift */,
			);
			path = CoreData;
			sourceTree = "<group>";
		};
		30247F2020DD49BF00A3873E = {
			isa = PBXGroup;
			children = (
				30247F4320DD56B000A3873E /* Default-568h@2x.png */,
				30247F2B20DD49BF00A3873E /* RandomGroup */,
				30247F4220DD4A4400A3873E /* Resources */,
				30247F2A20DD49BF00A3873E /* Products */,
			);
			sourceTree = "<group>";
		};
		30247F2A20DD49BF00A3873E /* Products */ = {
			isa = PBXGroup;
			children = (
				30247F2920DD49BF00A3873E /* RandomGroup.app */,
			);
			name = Products;
			sourceTree = "<group>";
		};
		30247F2B20DD49BF00A3873E /* RandomGroup */ = {
			isa = PBXGroup;
			children = (
				30247F4120DD4A3700A3873E /* ViewController */,
				30247F4020DD4A2F00A3873E /* Views */,
				30247F3F20DD4A2600A3873E /* ModelController */,
				30247F3E20DD4A1E00A3873E /* Model */,
			);
			path = RandomGroup;
			sourceTree = "<group>";
		};
		30247F3E20DD4A1E00A3873E /* Model */ = {
			isa = PBXGroup;
			children = (
				301536D320DD59BD003A5E0A /* Person+Convenience.swift */,
				301536DA20DD72BF003A5E0A /* RandomGroup.xcdatamodeld */,
			);
			path = Model;
			sourceTree = "<group>";
		};
		30247F3F20DD4A2600A3873E /* ModelController */ = {
			isa = PBXGroup;
			children = (
				301536D820DD5BAC003A5E0A /* PersonController.swift */,
			);
			path = ModelController;
			sourceTree = "<group>";
		};
		30247F4020DD4A2F00A3873E /* Views */ = {
			isa = PBXGroup;
			children = (
				30247F3020DD49BF00A3873E /* Main.storyboard */,
			);
			path = Views;
			sourceTree = "<group>";
		};
		30247F4120DD4A3700A3873E /* ViewController */ = {
			isa = PBXGroup;
			children = (
				301536CE20DD5862003A5E0A /* GroupTableViewController.swift */,
			);
			path = ViewController;
			sourceTree = "<group>";
		};
		30247F4220DD4A4400A3873E /* Resources */ = {
			isa = PBXGroup;
			children = (
				301536D520DD5A15003A5E0A /* CoreData */,
				30247F2C20DD49BF00A3873E /* AppDelegate.swift */,
				30247F3320DD49C100A3873E /* Assets.xcassets */,
				30247F3520DD49C100A3873E /* LaunchScreen.storyboard */,
				30247F3820DD49C100A3873E /* Info.plist */,
			);
			path = Resources;
			sourceTree = "<group>";
		};
/* End PBXGroup section */

/* Begin PBXNativeTarget section */
		30247F2820DD49BF00A3873E /* RandomGroup */ = {
			isa = PBXNativeTarget;
			buildConfigurationList = 30247F3B20DD49C100A3873E /* Build configuration list for PBXNativeTarget "RandomGroup" */;
			buildPhases = (
				30247F2520DD49BF00A3873E /* Sources */,
				30247F2620DD49BF00A3873E /* Frameworks */,
				30247F2720DD49BF00A3873E /* Resources */,
			);
			buildRules = (
			);
			dependencies = (
			);
			name = RandomGroup;
			productName = RandomGroup;
			productReference = 30247F2920DD49BF00A3873E /* RandomGroup.app */;
			productType = "com.apple.product-type.application";
		};
/* End PBXNativeTarget section */

/* Begin PBXProject section */
		30247F2120DD49BF00A3873E /* Project object */ = {
			isa = PBXProject;
			attributes = {
				LastSwiftUpdateCheck = 0940;
				LastUpgradeCheck = 0940;
				ORGANIZATIONNAME = "Dallin McConnell";
				TargetAttributes = {
					30247F2820DD49BF00A3873E = {
						CreatedOnToolsVersion = 9.4.1;
					};
				};
			};
			buildConfigurationList = 30247F2420DD49BF00A3873E /* Build configuration list for PBXProject "RandomGroup" */;
			compatibilityVersion = "Xcode 9.3";
			developmentRegion = en;
			hasScannedForEncodings = 0;
			knownRegions = (
				en,
				Base,
			);
			mainGroup = 30247F2020DD49BF00A3873E;
			productRefGroup = 30247F2A20DD49BF00A3873E /* Products */;
			projectDirPath = "";
			projectRoot = "";
			targets = (
				30247F2820DD49BF00A3873E /* RandomGroup */,
			);
		};
/* End PBXProject section */

/* Begin PBXResourcesBuildPhase section */
		30247F2720DD49BF00A3873E /* Resources */ = {
			isa = PBXResourcesBuildPhase;
			buildActionMask = 2147483647;
			files = (
				30247F3720DD49C100A3873E /* LaunchScreen.storyboard in Resources */,
				30247F4420DD56B100A3873E /* Default-568h@2x.png in Resources */,
				30247F3420DD49C100A3873E /* Assets.xcassets in Resources */,
				30247F3220DD49BF00A3873E /* Main.storyboard in Resources */,
			);
			runOnlyForDeploymentPostprocessing = 0;
		};
/* End PBXResourcesBuildPhase section */

/* Begin PBXSourcesBuildPhase section */
		30247F2520DD49BF00A3873E /* Sources */ = {
			isa = PBXSourcesBuildPhase;
			buildActionMask = 2147483647;
			files = (
				30247F2D20DD49BF00A3873E /* AppDelegate.swift in Sources */,
				301536D420DD59BD003A5E0A /* Person+Convenience.swift in Sources */,
				301536CF20DD5862003A5E0A /* GroupTableViewController.swift in Sources */,
				301536D920DD5BAC003A5E0A /* PersonController.swift in Sources */,
				301536DC20DD72BF003A5E0A /* RandomGroup.xcdatamodeld in Sources */,
				301536D720DD5A24003A5E0A /* CoreData.swift in Sources */,
			);
			runOnlyForDeploymentPostprocessing = 0;
		};
/* End PBXSourcesBuildPhase section */

/* Begin PBXVariantGroup section */
		30247F3020DD49BF00A3873E /* Main.storyboard */ = {
			isa = PBXVariantGroup;
			children = (
				30247F3120DD49BF00A3873E /* Base */,
			);
			name = Main.storyboard;
			sourceTree = "<group>";
		};
		30247F3520DD49C100A3873E /* LaunchScreen.storyboard */ = {
			isa = PBXVariantGroup;
			children = (
				30247F3620DD49C100A3873E /* Base */,
			);
			name = LaunchScreen.storyboard;
			sourceTree = "<group>";
		};
/* End PBXVariantGroup section */

/* Begin XCBuildConfiguration section */
		30247F3920DD49C100A3873E /* Debug */ = {
			isa = XCBuildConfiguration;
			buildSettings = {
				ALWAYS_SEARCH_USER_PATHS = NO;
				CLANG_ANALYZER_NONNULL = YES;
				CLANG_ANALYZER_NUMBER_OBJECT_CONVERSION = YES_AGGRESSIVE;
				CLANG_CXX_LANGUAGE_STANDARD = "gnu++14";
				CLANG_CXX_LIBRARY = "libc++";
				CLANG_ENABLE_MODULES = YES;
				CLANG_ENABLE_OBJC_ARC = YES;
				CLANG_ENABLE_OBJC_WEAK = YES;
				CLANG_WARN_BLOCK_CAPTURE_AUTORELEASING = YES;
				CLANG_WARN_BOOL_CONVERSION = YES;
				CLANG_WARN_COMMA = YES;
				CLANG_WARN_CONSTANT_CONVERSION = YES;
				CLANG_WARN_DEPRECATED_OBJC_IMPLEMENTATIONS = YES;
				CLANG_WARN_DIRECT_OBJC_ISA_USAGE = YES_ERROR;
				CLANG_WARN_DOCUMENTATION_COMMENTS = YES;
				CLANG_WARN_EMPTY_BODY = YES;
				CLANG_WARN_ENUM_CONVERSION = YES;
				CLANG_WARN_INFINITE_RECURSION = YES;
				CLANG_WARN_INT_CONVERSION = YES;
				CLANG_WARN_NON_LITERAL_NULL_CONVERSION = YES;
				CLANG_WARN_OBJC_IMPLICIT_RETAIN_SELF = YES;
				CLANG_WARN_OBJC_LITERAL_CONVERSION = YES;
				CLANG_WARN_OBJC_ROOT_CLASS = YES_ERROR;
				CLANG_WARN_RANGE_LOOP_ANALYSIS = YES;
				CLANG_WARN_STRICT_PROTOTYPES = YES;
				CLANG_WARN_SUSPICIOUS_MOVE = YES;
				CLANG_WARN_UNGUARDED_AVAILABILITY = YES_AGGRESSIVE;
				CLANG_WARN_UNREACHABLE_CODE = YES;
				CLANG_WARN__DUPLICATE_METHOD_MATCH = YES;
				CODE_SIGN_IDENTITY = "iPhone Developer";
				COPY_PHASE_STRIP = NO;
				DEBUG_INFORMATION_FORMAT = dwarf;
				ENABLE_STRICT_OBJC_MSGSEND = YES;
				ENABLE_TESTABILITY = YES;
				GCC_C_LANGUAGE_STANDARD = gnu11;
				GCC_DYNAMIC_NO_PIC = NO;
				GCC_NO_COMMON_BLOCKS = YES;
				GCC_OPTIMIZATION_LEVEL = 0;
				GCC_PREPROCESSOR_DEFINITIONS = (
					"DEBUG=1",
					"$(inherited)",
				);
				GCC_WARN_64_TO_32_BIT_CONVERSION = YES;
				GCC_WARN_ABOUT_RETURN_TYPE = YES_ERROR;
				GCC_WARN_UNDECLARED_SELECTOR = YES;
				GCC_WARN_UNINITIALIZED_AUTOS = YES_AGGRESSIVE;
				GCC_WARN_UNUSED_FUNCTION = YES;
				GCC_WARN_UNUSED_VARIABLE = YES;
				IPHONEOS_DEPLOYMENT_TARGET = 11.4;
				MTL_ENABLE_DEBUG_INFO = YES;
				ONLY_ACTIVE_ARCH = YES;
				SDKROOT = iphoneos;
				SWIFT_ACTIVE_COMPILATION_CONDITIONS = DEBUG;
				SWIFT_OPTIMIZATION_LEVEL = "-Onone";
			};
			name = Debug;
		};
		30247F3A20DD49C100A3873E /* Release */ = {
			isa = XCBuildConfiguration;
			buildSettings = {
				ALWAYS_SEARCH_USER_PATHS = NO;
				CLANG_ANALYZER_NONNULL = YES;
				CLANG_ANALYZER_NUMBER_OBJECT_CONVERSION = YES_AGGRESSIVE;
				CLANG_CXX_LANGUAGE_STANDARD = "gnu++14";
				CLANG_CXX_LIBRARY = "libc++";
				CLANG_ENABLE_MODULES = YES;
				CLANG_ENABLE_OBJC_ARC = YES;
				CLANG_ENABLE_OBJC_WEAK = YES;
				CLANG_WARN_BLOCK_CAPTURE_AUTORELEASING = YES;
				CLANG_WARN_BOOL_CONVERSION = YES;
				CLANG_WARN_COMMA = YES;
				CLANG_WARN_CONSTANT_CONVERSION = YES;
				CLANG_WARN_DEPRECATED_OBJC_IMPLEMENTATIONS = YES;
				CLANG_WARN_DIRECT_OBJC_ISA_USAGE = YES_ERROR;
				CLANG_WARN_DOCUMENTATION_COMMENTS = YES;
				CLANG_WARN_EMPTY_BODY = YES;
				CLANG_WARN_ENUM_CONVERSION = YES;
				CLANG_WARN_INFINITE_RECURSION = YES;
				CLANG_WARN_INT_CONVERSION = YES;
				CLANG_WARN_NON_LITERAL_NULL_CONVERSION = YES;
				CLANG_WARN_OBJC_IMPLICIT_RETAIN_SELF = YES;
				CLANG_WARN_OBJC_LITERAL_CONVERSION = YES;
				CLANG_WARN_OBJC_ROOT_CLASS = YES_ERROR;
				CLANG_WARN_RANGE_LOOP_ANALYSIS = YES;
				CLANG_WARN_STRICT_PROTOTYPES = YES;
				CLANG_WARN_SUSPICIOUS_MOVE = YES;
				CLANG_WARN_UNGUARDED_AVAILABILITY = YES_AGGRESSIVE;
				CLANG_WARN_UNREACHABLE_CODE = YES;
				CLANG_WARN__DUPLICATE_METHOD_MATCH = YES;
				CODE_SIGN_IDENTITY = "iPhone Developer";
				COPY_PHASE_STRIP = NO;
				DEBUG_INFORMATION_FORMAT = "dwarf-with-dsym";
				ENABLE_NS_ASSERTIONS = NO;
				ENABLE_STRICT_OBJC_MSGSEND = YES;
				GCC_C_LANGUAGE_STANDARD = gnu11;
				GCC_NO_COMMON_BLOCKS = YES;
				GCC_WARN_64_TO_32_BIT_CONVERSION = YES;
				GCC_WARN_ABOUT_RETURN_TYPE = YES_ERROR;
				GCC_WARN_UNDECLARED_SELECTOR = YES;
				GCC_WARN_UNINITIALIZED_AUTOS = YES_AGGRESSIVE;
				GCC_WARN_UNUSED_FUNCTION = YES;
				GCC_WARN_UNUSED_VARIABLE = YES;
				IPHONEOS_DEPLOYMENT_TARGET = 11.4;
				MTL_ENABLE_DEBUG_INFO = NO;
				SDKROOT = iphoneos;
				SWIFT_COMPILATION_MODE = wholemodule;
				SWIFT_OPTIMIZATION_LEVEL = "-O";
				VALIDATE_PRODUCT = YES;
			};
			name = Release;
		};
		30247F3C20DD49C100A3873E /* Debug */ = {
			isa = XCBuildConfiguration;
			buildSettings = {
				ASSETCATALOG_COMPILER_APPICON_NAME = AppIcon;
				CODE_SIGN_STYLE = Automatic;
				DEVELOPMENT_TEAM = 2FG8T6Y42N;
				INFOPLIST_FILE = "$(SRCROOT)/Resources/Info.plist";
				LD_RUNPATH_SEARCH_PATHS = (
					"$(inherited)",
					"@executable_path/Frameworks",
				);
				PRODUCT_BUNDLE_IDENTIFIER = com.DallinMcConnell.RandomGroup;
				PRODUCT_NAME = "$(TARGET_NAME)";
				SWIFT_VERSION = 4.0;
				TARGETED_DEVICE_FAMILY = "1,2";
			};
			name = Debug;
		};
		30247F3D20DD49C100A3873E /* Release */ = {
			isa = XCBuildConfiguration;
			buildSettings = {
				ASSETCATALOG_COMPILER_APPICON_NAME = AppIcon;
				CODE_SIGN_STYLE = Automatic;
				DEVELOPMENT_TEAM = 2FG8T6Y42N;
				INFOPLIST_FILE = "$(SRCROOT)/Resources/Info.plist";
				LD_RUNPATH_SEARCH_PATHS = (
					"$(inherited)",
					"@executable_path/Frameworks",
				);
				PRODUCT_BUNDLE_IDENTIFIER = com.DallinMcConnell.RandomGroup;
				PRODUCT_NAME = "$(TARGET_NAME)";
				SWIFT_VERSION = 4.0;
				TARGETED_DEVICE_FAMILY = "1,2";
			};
			name = Release;
		};
/* End XCBuildConfiguration section */

/* Begin XCConfigurationList section */
		30247F2420DD49BF00A3873E /* Build configuration list for PBXProject "RandomGroup" */ = {
			isa = XCConfigurationList;
			buildConfigurations = (
				30247F3920DD49C100A3873E /* Debug */,
				30247F3A20DD49C100A3873E /* Release */,
			);
			defaultConfigurationIsVisible = 0;
			defaultConfigurationName = Release;
		};
		30247F3B20DD49C100A3873E /* Build configuration list for PBXNativeTarget "RandomGroup" */ = {
			isa = XCConfigurationList;
			buildConfigurations = (
				30247F3C20DD49C100A3873E /* Debug */,
				30247F3D20DD49C100A3873E /* Release */,
			);
			defaultConfigurationIsVisible = 0;
			defaultConfigurationName = Release;
		};
/* End XCConfigurationList section */

/* Begin XCVersionGroup section */
		301536DA20DD72BF003A5E0A /* RandomGroup.xcdatamodeld */ = {
			isa = XCVersionGroup;
			children = (
				301536DB20DD72BF003A5E0A /* Person.xcdatamodel */,
			);
			currentVersion = 301536DB20DD72BF003A5E0A /* Person.xcdatamodel */;
			path = RandomGroup.xcdatamodeld;
			sourceTree = "<group>";
			versionGroupType = wrapper.xcdatamodel;
		};
/* End XCVersionGroup section */
	};
	rootObject = 30247F2120DD49BF00A3873E /* Project object */;
}
